
Microsoft Visual Studio Solution File, Format Version 12.00
# Visual Studio 15
VisualStudioVersion = 15.0.26014.0
MinimumVisualStudioVersion = 10.0.40219.1
Project("{2150E333-8FDC-42A3-9474-1A3956D46DE8}") = "src", "src", "{E95BAE83-DCB2-4D0C-9466-116BAE563A6B}"
EndProject
Project("{2150E333-8FDC-42A3-9474-1A3956D46DE8}") = "test", "test", "{4D8FF0CA-A47B-464C-A137-BD5B11FCECBD}"
EndProject
Project("{9A19103F-16F7-4668-BE54-9A1E7A4F7556}") = "Whathecode.System", "src\Whathecode.System\Whathecode.System.csproj", "{1C3067D6-A2ED-45DC-93B2-B7DBE0762E31}"
EndProject
Project("{9A19103F-16F7-4668-BE54-9A1E7A4F7556}") = "Whathecode.System.Tests", "test\Whathecode.System.Tests\Whathecode.System.Tests.csproj", "{8748C4A7-ADE9-442C-AEE8-ECF9DA0BC3D6}"
EndProject
Project("{2150E333-8FDC-42A3-9474-1A3956D46DE8}") = "Solution Items", "Solution Items", "{588AAD04-5C01-4A63-9D52-9F6D342C345F}"
	ProjectSection(SolutionItems) = preProject
		.editorconfig = .editorconfig
		.gitignore = .gitignore
		.travis.yml = .travis.yml
		global.json = global.json
		LICENSE = LICENSE
		README.md = README.md
	EndProjectSection
EndProject
Global
	GlobalSection(SolutionConfigurationPlatforms) = preSolution
		Debug|Any CPU = Debug|Any CPU
		Debug|x64 = Debug|x64
		Debug|x86 = Debug|x86
		Release|Any CPU = Release|Any CPU
		Release|x64 = Release|x64
		Release|x86 = Release|x86
	EndGlobalSection
	GlobalSection(ProjectConfigurationPlatforms) = postSolution
		{1C3067D6-A2ED-45DC-93B2-B7DBE0762E31}.Debug|Any CPU.ActiveCfg = Debug|Any CPU
		{1C3067D6-A2ED-45DC-93B2-B7DBE0762E31}.Debug|Any CPU.Build.0 = Debug|Any CPU
		{1C3067D6-A2ED-45DC-93B2-B7DBE0762E31}.Debug|x64.ActiveCfg = Debug|Any CPU
		{1C3067D6-A2ED-45DC-93B2-B7DBE0762E31}.Debug|x64.Build.0 = Debug|Any CPU
		{1C3067D6-A2ED-45DC-93B2-B7DBE0762E31}.Debug|x86.ActiveCfg = Debug|Any CPU
		{1C3067D6-A2ED-45DC-93B2-B7DBE0762E31}.Debug|x86.Build.0 = Debug|Any CPU
		{1C3067D6-A2ED-45DC-93B2-B7DBE0762E31}.Release|Any CPU.ActiveCfg = Release|Any CPU
		{1C3067D6-A2ED-45DC-93B2-B7DBE0762E31}.Release|Any CPU.Build.0 = Release|Any CPU
		{1C3067D6-A2ED-45DC-93B2-B7DBE0762E31}.Release|x64.ActiveCfg = Debug|Any CPU
		{1C3067D6-A2ED-45DC-93B2-B7DBE0762E31}.Release|x64.Build.0 = Debug|Any CPU
		{1C3067D6-A2ED-45DC-93B2-B7DBE0762E31}.Release|x86.ActiveCfg = Debug|Any CPU
		{1C3067D6-A2ED-45DC-93B2-B7DBE0762E31}.Release|x86.Build.0 = Debug|Any CPU
		{8748C4A7-ADE9-442C-AEE8-ECF9DA0BC3D6}.Debug|Any CPU.ActiveCfg = Debug|Any CPU
		{8748C4A7-ADE9-442C-AEE8-ECF9DA0BC3D6}.Debug|Any CPU.Build.0 = Debug|Any CPU
		{8748C4A7-ADE9-442C-AEE8-ECF9DA0BC3D6}.Debug|x64.ActiveCfg = Debug|Any CPU
		{8748C4A7-ADE9-442C-AEE8-ECF9DA0BC3D6}.Debug|x64.Build.0 = Debug|Any CPU
		{8748C4A7-ADE9-442C-AEE8-ECF9DA0BC3D6}.Debug|x86.ActiveCfg = Debug|Any CPU
		{8748C4A7-ADE9-442C-AEE8-ECF9DA0BC3D6}.Debug|x86.Build.0 = Debug|Any CPU
		{8748C4A7-ADE9-442C-AEE8-ECF9DA0BC3D6}.Release|Any CPU.ActiveCfg = Release|Any CPU
		{8748C4A7-ADE9-442C-AEE8-ECF9DA0BC3D6}.Release|Any CPU.Build.0 = Release|Any CPU
		{8748C4A7-ADE9-442C-AEE8-ECF9DA0BC3D6}.Release|x64.ActiveCfg = Release|Any CPU
		{8748C4A7-ADE9-442C-AEE8-ECF9DA0BC3D6}.Release|x64.Build.0 = Release|Any CPU
		{8748C4A7-ADE9-442C-AEE8-ECF9DA0BC3D6}.Release|x86.ActiveCfg = Release|Any CPU
		{8748C4A7-ADE9-442C-AEE8-ECF9DA0BC3D6}.Release|x86.Build.0 = Release|Any CPU
	EndGlobalSection
	GlobalSection(SolutionProperties) = preSolution
		HideSolutionNode = FALSE
	EndGlobalSection
	GlobalSection(NestedProjects) = preSolution
		{1C3067D6-A2ED-45DC-93B2-B7DBE0762E31} = {E95BAE83-DCB2-4D0C-9466-116BAE563A6B}
		{8748C4A7-ADE9-442C-AEE8-ECF9DA0BC3D6} = {4D8FF0CA-A47B-464C-A137-BD5B11FCECBD}
	EndGlobalSection
EndGlobal
